
Microsoft Visual Studio Solution File, Format Version 12.00
# Visual Studio Version 17
VisualStudioVersion = 17.13.35931.197 d17.13
MinimumVisualStudioVersion = 10.0.40219.1
Project("{FAE04EC0-301F-11D3-BF4B-00C04F79EFBC}") = "MAESTRO_Activity #1", "MAESTRO_Activity #1.csproj", "{9874781B-86B6-4A45-9965-22B2B1EB53D8}"
EndProject
Global
	GlobalSection(SolutionConfigurationPlatforms) = preSolution
		Debug|Any CPU = Debug|Any CPU
		Release|Any CPU = Release|Any CPU
	EndGlobalSection
	GlobalSection(ProjectConfigurationPlatforms) = postSolution
		{9874781B-86B6-4A45-9965-22B2B1EB53D8}.Debug|Any CPU.ActiveCfg = Debug|Any CPU
		{9874781B-86B6-4A45-9965-22B2B1EB53D8}.Debug|Any CPU.Build.0 = Debug|Any CPU
		{9874781B-86B6-4A45-9965-22B2B1EB53D8}.Release|Any CPU.ActiveCfg = Release|Any CPU
		{9874781B-86B6-4A45-9965-22B2B1EB53D8}.Release|Any CPU.Build.0 = Release|Any CPU
	EndGlobalSection
	GlobalSection(SolutionProperties) = preSolution
		HideSolutionNode = FALSE
	EndGlobalSection
	GlobalSection(ExtensibilityGlobals) = postSolution
		SolutionGuid = {1DF041EF-E8EB-46C3-B703-B3A0234FDE2B}
	EndGlobalSection
EndGlobal
